
Microsoft Visual Studio Solution File, Format Version 12.00
Project("{FAE04EC0-301F-11D3-BF4B-00C04F79EFBC}") = "AoC2024", "AoC2024\AoC2024.csproj", "{FB6E2FFD-3D0F-4D48-B06B-4ECFD2EC3FDF}"
EndProject
Global
	GlobalSection(SolutionConfigurationPlatforms) = preSolution
		Debug|Any CPU = Debug|Any CPU
		Release|Any CPU = Release|Any CPU
	EndGlobalSection
	GlobalSection(ProjectConfigurationPlatforms) = postSolution
		{FB6E2FFD-3D0F-4D48-B06B-4ECFD2EC3FDF}.Debug|Any CPU.ActiveCfg = Debug|Any CPU
		{FB6E2FFD-3D0F-4D48-B06B-4ECFD2EC3FDF}.Debug|Any CPU.Build.0 = Debug|Any CPU
		{FB6E2FFD-3D0F-4D48-B06B-4ECFD2EC3FDF}.Release|Any CPU.ActiveCfg = Release|Any CPU
		{FB6E2FFD-3D0F-4D48-B06B-4ECFD2EC3FDF}.Release|Any CPU.Build.0 = Release|Any CPU
	EndGlobalSection
EndGlobal
